
Microsoft Visual Studio Solution File, Format Version 12.00
# Visual Studio Version 17
VisualStudioVersion = 17.10.35122.118
MinimumVisualStudioVersion = 10.0.40219.1
Project("{FAE04EC0-301F-11D3-BF4B-00C04F79EFBC}") = "InventoryManagement", "InventoryManagement\InventoryManagement.csproj", "{A803FD55-6909-4C4E-9C84-DDFA1732D566}"
EndProject
Global
	GlobalSection(SolutionConfigurationPlatforms) = preSolution
		Debug|Any CPU = Debug|Any CPU
		Release|Any CPU = Release|Any CPU
	EndGlobalSection
	GlobalSection(ProjectConfigurationPlatforms) = postSolution
		{A803FD55-6909-4C4E-9C84-DDFA1732D566}.Debug|Any CPU.ActiveCfg = Debug|Any CPU
		{A803FD55-6909-4C4E-9C84-DDFA1732D566}.Debug|Any CPU.Build.0 = Debug|Any CPU
		{A803FD55-6909-4C4E-9C84-DDFA1732D566}.Release|Any CPU.ActiveCfg = Release|Any CPU
		{A803FD55-6909-4C4E-9C84-DDFA1732D566}.Release|Any CPU.Build.0 = Release|Any CPU
	EndGlobalSection
	GlobalSection(SolutionProperties) = preSolution
		HideSolutionNode = FALSE
	EndGlobalSection
	GlobalSection(ExtensibilityGlobals) = postSolution
		SolutionGuid = {8942DCE7-A75A-4356-B5FD-81DAB9FF75D3}
	EndGlobalSection
EndGlobal
